{
  "name": "web",
  "version": "1.0.0",
  "lockfileVersion": 3,
  "requires": true,
  "packages": {
    "": {
      "name": "web",
      "version": "1.0.0",
      "dependencies": {
        "@dolthub/doltlite-wasm": "^0.11.53",
        "trystero": "^0.25.3",
        "wa-sqlite": "^1.0.0"
      }
    },
    "node_modules/@dolthub/doltlite-wasm": {
      "version": "0.11.53",
      "resolved": "https://registry.npmjs.org/@dolthub/doltlite-wasm/-/doltlite-wasm-0.11.53.tgz",
      "integrity": "sha512-FNYY4qg0Ew1UoR3ICyWGttIB6LBl5y1kCSffq3CaGQNQmnQT4vArHhRloCLvBVr+VFzkPi4sfmkmmAznxq0pEg==",
      "license": "Apache-2.0",
      "engines": {
        "node": ">=18"
      }
    },
    "node_modules/@noble/secp256k1": {
      "version": "3.1.0",
      "resolved": "https://registry.npmjs.org/@noble/secp256k1/-/secp256k1-3.1.0.tgz",
      "integrity": "sha512-+F7iS7tUMaNGXcc9X3PjmjvuQnXEuSjCRNzVVA2xAcKXgCaP0dHYz4SFyt4FKNHef7sOP//xihowcySSS7PK9g==",
      "license": "MIT",
      "funding": {
        "url": "https://paulmillr.com/funding/"
      }
    },
    "node_modules/@trystero-p2p/core": {
      "version": "0.25.3",
      "resolved": "https://registry.npmjs.org/@trystero-p2p/core/-/core-0.25.3.tgz",
      "integrity": "sha512-lQKNq/ha+vF6kQZrpaXJGzlzxLF/Fhizoy5dwJUYQlkqRrbPup/Jov2EpPX/CPr2X+f79HxVzonkeni3MxmCuQ==",
      "license": "MIT"
    },
    "node_modules/@trystero-p2p/nostr": {
      "version": "0.25.3",
      "resolved": "https://registry.npmjs.org/@trystero-p2p/nostr/-/nostr-0.25.3.tgz",
      "integrity": "sha512-nZV9Fl/GXuhIkJSQ+wIkdMoRLO1oSTUL/+vZorukaojeAdOpT/61e8b9Vzbt8L1ktMTaGPEJHw2BG/B5BCwBuw==",
      "license": "MIT",
      "dependencies": {
        "@noble/secp256k1": "^3.1.0",
        "@trystero-p2p/core": "0.25.3"
      }
    },
    "node_modules/trystero": {
      "version": "0.25.3",
      "resolved": "https://registry.npmjs.org/trystero/-/trystero-0.25.3.tgz",
      "integrity": "sha512-mm6Mzmm10OXKfvOA0tUG6XXqlQDIPdHg0//mEqA4ayrtdqiie4ZQpSluEp6074L+dCtotCfCn/B/CWLWavZK6Q==",
      "license": "MIT",
      "dependencies": {
        "@trystero-p2p/nostr": "0.25.3"
      }
    },
    "node_modules/wa-sqlite": {
      "version": "1.0.0",
      "resolved": "https://registry.npmjs.org/wa-sqlite/-/wa-sqlite-1.0.0.tgz",
      "integrity": "sha512-Kyybo5/BaJp76z7gDWGk2J6Hthl4NIPsE+swgraEjy3IY6r5zIR02wAs1OJH4XtJp1y3puj3Onp5eMGS0z7nUA=="
    }
  }
}
